
Microsoft Visual Studio Solution File, Format Version 12.00
# Visual Studio Version 17
VisualStudioVersion = 17.1.32328.378
MinimumVisualStudioVersion = 10.0.40219.1
Project("{FAE04EC0-301F-11D3-BF4B-00C04F79EFBC}") = "ListaAppuntamenti", "ListaAppuntamenti\ListaAppuntamenti.csproj", "{0D129100-2E62-4179-BC14-DC58A8348887}"
EndProject
Global
	GlobalSection(SolutionConfigurationPlatforms) = preSolution
		Debug|Any CPU = Debug|Any CPU
		Release|Any CPU = Release|Any CPU
	EndGlobalSection
	GlobalSection(ProjectConfigurationPlatforms) = postSolution
		{0D129100-2E62-4179-BC14-DC58A8348887}.Debug|Any CPU.ActiveCfg = Debug|Any CPU
		{0D129100-2E62-4179-BC14-DC58A8348887}.Debug|Any CPU.Build.0 = Debug|Any CPU
		{0D129100-2E62-4179-BC14-DC58A8348887}.Release|Any CPU.ActiveCfg = Release|Any CPU
		{0D129100-2E62-4179-BC14-DC58A8348887}.Release|Any CPU.Build.0 = Release|Any CPU
	EndGlobalSection
	GlobalSection(SolutionProperties) = preSolution
		HideSolutionNode = FALSE
	EndGlobalSection
	GlobalSection(ExtensibilityGlobals) = postSolution
		SolutionGuid = {6610B9CC-FDBF-4E20-8AF5-CFD53C2598C7}
	EndGlobalSection
EndGlobal
